
Microsoft Visual Studio Solution File, Format Version 12.00
# Visual Studio Version 17
VisualStudioVersion = 17.8.34330.188
MinimumVisualStudioVersion = 10.0.40219.1
Project("{FAE04EC0-301F-11D3-BF4B-00C04F79EFBC}") = "AssecoBS", "AssecoBS\AssecoBS.csproj", "{ECE852CA-93C5-4FF1-9A8C-146D01C737AA}"
EndProject
Global
	GlobalSection(SolutionConfigurationPlatforms) = preSolution
		Debug|Any CPU = Debug|Any CPU
		Release|Any CPU = Release|Any CPU
	EndGlobalSection
	GlobalSection(ProjectConfigurationPlatforms) = postSolution
		{ECE852CA-93C5-4FF1-9A8C-146D01C737AA}.Debug|Any CPU.ActiveCfg = Debug|Any CPU
		{ECE852CA-93C5-4FF1-9A8C-146D01C737AA}.Debug|Any CPU.Build.0 = Debug|Any CPU
		{ECE852CA-93C5-4FF1-9A8C-146D01C737AA}.Release|Any CPU.ActiveCfg = Release|Any CPU
		{ECE852CA-93C5-4FF1-9A8C-146D01C737AA}.Release|Any CPU.Build.0 = Release|Any CPU
	EndGlobalSection
	GlobalSection(SolutionProperties) = preSolution
		HideSolutionNode = FALSE
	EndGlobalSection
	GlobalSection(ExtensibilityGlobals) = postSolution
		SolutionGuid = {D8E77B71-D711-4789-B3A8-62C219F63103}
	EndGlobalSection
EndGlobal
